
Microsoft Visual Studio Solution File, Format Version 12.00
# Visual Studio Version 16
VisualStudioVersion = 16.0.29519.87
MinimumVisualStudioVersion = 10.0.40219.1
Project("{FAE04EC0-301F-11D3-BF4B-00C04F79EFBC}") = "PrismSample.Android", "src\PrismSample.Android\PrismSample.Android.csproj", "{4E987D86-4E13-4BBC-9C3A-69006801D049}"
EndProject
Project("{FAE04EC0-301F-11D3-BF4B-00C04F79EFBC}") = "PrismSample.iOS", "src\PrismSample.iOS\PrismSample.iOS.csproj", "{BEE0A49E-FC11-40CD-BA64-F426B1B23A0E}"
EndProject
Project("{9A19103F-16F7-4668-BE54-9A1E7A4F7556}") = "PrismSample", "src\PrismSample\PrismSample.csproj", "{5767A715-87A6-4303-9D79-D9E43EAF262E}"
EndProject
Project("{2150E333-8FDC-42A3-9474-1A3956D46DE8}") = "external", "external", "{974C7B5E-E51E-4CF0-BA0A-39733B301E8D}"
EndProject
Project("{9A19103F-16F7-4668-BE54-9A1E7A4F7556}") = "Prism", "Prism\Source\Prism\Prism.csproj", "{45254720-EA53-452C-B683-7B8366F1197B}"
EndProject
Project("{9A19103F-16F7-4668-BE54-9A1E7A4F7556}") = "Prism.Forms", "Prism\Source\Xamarin\Prism.Forms\Prism.Forms.csproj", "{AF24CBDD-912C-4C54-A91A-07C40FA0B6D3}"
EndProject
Project("{9A19103F-16F7-4668-BE54-9A1E7A4F7556}") = "Prism.DryIoc.Forms", "Prism\Source\Xamarin\Prism.DryIoc.Forms\Prism.DryIoc.Forms.csproj", "{29B32F3E-D464-48B2-BA3B-AEDE6C7E5B04}"
EndProject
Global
	GlobalSection(SolutionConfigurationPlatforms) = preSolution
		Debug|Any CPU = Debug|Any CPU
		Debug|ARM = Debug|ARM
		Debug|iPhone = Debug|iPhone
		Debug|iPhoneSimulator = Debug|iPhoneSimulator
		Debug|x64 = Debug|x64
		Debug|x86 = Debug|x86
		Release|Any CPU = Release|Any CPU
		Release|ARM = Release|ARM
		Release|iPhone = Release|iPhone
		Release|iPhoneSimulator = Release|iPhoneSimulator
		Release|x64 = Release|x64
		Release|x86 = Release|x86
	EndGlobalSection
	GlobalSection(ProjectConfigurationPlatforms) = postSolution
		{4E987D86-4E13-4BBC-9C3A-69006801D049}.Debug|Any CPU.ActiveCfg = Debug|Any CPU
		{4E987D86-4E13-4BBC-9C3A-69006801D049}.Debug|Any CPU.Build.0 = Debug|Any CPU
		{4E987D86-4E13-4BBC-9C3A-69006801D049}.Debug|Any CPU.Deploy.0 = Debug|Any CPU
		{4E987D86-4E13-4BBC-9C3A-69006801D049}.Debug|ARM.ActiveCfg = Debug|Any CPU
		{4E987D86-4E13-4BBC-9C3A-69006801D049}.Debug|ARM.Build.0 = Debug|Any CPU
		{4E987D86-4E13-4BBC-9C3A-69006801D049}.Debug|ARM.Deploy.0 = Debug|Any CPU
		{4E987D86-4E13-4BBC-9C3A-69006801D049}.Debug|iPhone.ActiveCfg = Debug|Any CPU
		{4E987D86-4E13-4BBC-9C3A-69006801D049}.Debug|iPhone.Build.0 = Debug|Any CPU
		{4E987D86-4E13-4BBC-9C3A-69006801D049}.Debug|iPhone.Deploy.0 = Debug|Any CPU
		{4E987D86-4E13-4BBC-9C3A-69006801D049}.Debug|iPhoneSimulator.ActiveCfg = Debug|Any CPU
		{4E987D86-4E13-4BBC-9C3A-69006801D049}.Debug|iPhoneSimulator.Build.0 = Debug|Any CPU
		{4E987D86-4E13-4BBC-9C3A-69006801D049}.Debug|iPhoneSimulator.Deploy.0 = Debug|Any CPU
		{4E987D86-4E13-4BBC-9C3A-69006801D049}.Debug|x64.ActiveCfg = Debug|Any CPU
		{4E987D86-4E13-4BBC-9C3A-69006801D049}.Debug|x64.Build.0 = Debug|Any CPU
		{4E987D86-4E13-4BBC-9C3A-69006801D049}.Debug|x64.Deploy.0 = Debug|Any CPU
		{4E987D86-4E13-4BBC-9C3A-69006801D049}.Debug|x86.ActiveCfg = Debug|Any CPU
		{4E987D86-4E13-4BBC-9C3A-69006801D049}.Debug|x86.Build.0 = Debug|Any CPU
		{4E987D86-4E13-4BBC-9C3A-69006801D049}.Debug|x86.Deploy.0 = Debug|Any CPU
		{4E987D86-4E13-4BBC-9C3A-69006801D049}.Release|Any CPU.ActiveCfg = Release|Any CPU
		{4E987D86-4E13-4BBC-9C3A-69006801D049}.Release|Any CPU.Build.0 = Release|Any CPU
		{4E987D86-4E13-4BBC-9C3A-69006801D049}.Release|Any CPU.Deploy.0 = Release|Any CPU
		{4E987D86-4E13-4BBC-9C3A-69006801D049}.Release|ARM.ActiveCfg = Release|Any CPU
		{4E987D86-4E13-4BBC-9C3A-69006801D049}.Release|ARM.Build.0 = Release|Any CPU
		{4E987D86-4E13-4BBC-9C3A-69006801D049}.Release|ARM.Deploy.0 = Release|Any CPU
		{4E987D86-4E13-4BBC-9C3A-69006801D049}.Release|iPhone.ActiveCfg = Release|Any CPU
		{4E987D86-4E13-4BBC-9C3A-69006801D049}.Release|iPhone.Build.0 = Release|Any CPU
		{4E987D86-4E13-4BBC-9C3A-69006801D049}.Release|iPhone.Deploy.0 = Release|Any CPU
		{4E987D86-4E13-4BBC-9C3A-69006801D049}.Release|iPhoneSimulator.ActiveCfg = Release|Any CPU
		{4E987D86-4E13-4BBC-9C3A-69006801D049}.Release|iPhoneSimulator.Build.0 = Release|Any CPU
		{4E987D86-4E13-4BBC-9C3A-69006801D049}.Release|iPhoneSimulator.Deploy.0 = Release|Any CPU
		{4E987D86-4E13-4BBC-9C3A-69006801D049}.Release|x64.ActiveCfg = Release|Any CPU
		{4E987D86-4E13-4BBC-9C3A-69006801D049}.Release|x64.Build.0 = Release|Any CPU
		{4E987D86-4E13-4BBC-9C3A-69006801D049}.Release|x64.Deploy.0 = Release|Any CPU
		{4E987D86-4E13-4BBC-9C3A-69006801D049}.Release|x86.ActiveCfg = Release|Any CPU
		{4E987D86-4E13-4BBC-9C3A-69006801D049}.Release|x86.Build.0 = Release|Any CPU
		{4E987D86-4E13-4BBC-9C3A-69006801D049}.Release|x86.Deploy.0 = Release|Any CPU
		{BEE0A49E-FC11-40CD-BA64-F426B1B23A0E}.Debug|Any CPU.ActiveCfg = Debug|iPhone
		{BEE0A49E-FC11-40CD-BA64-F426B1B23A0E}.Debug|Any CPU.Build.0 = Debug|iPhone
		{BEE0A49E-FC11-40CD-BA64-F426B1B23A0E}.Debug|Any CPU.Deploy.0 = Debug|iPhone
		{BEE0A49E-FC11-40CD-BA64-F426B1B23A0E}.Debug|ARM.ActiveCfg = Debug|iPhoneSimulator
		{BEE0A49E-FC11-40CD-BA64-F426B1B23A0E}.Debug|ARM.Build.0 = Debug|iPhoneSimulator
		{BEE0A49E-FC11-40CD-BA64-F426B1B23A0E}.Debug|ARM.Deploy.0 = Debug|iPhoneSimulator
		{BEE0A49E-FC11-40CD-BA64-F426B1B23A0E}.Debug|iPhone.ActiveCfg = Debug|iPhone
		{BEE0A49E-FC11-40CD-BA64-F426B1B23A0E}.Debug|iPhone.Build.0 = Debug|iPhone
		{BEE0A49E-FC11-40CD-BA64-F426B1B23A0E}.Debug|iPhone.Deploy.0 = Debug|iPhone
		{BEE0A49E-FC11-40CD-BA64-F426B1B23A0E}.Debug|iPhoneSimulator.ActiveCfg = Debug|iPhoneSimulator
		{BEE0A49E-FC11-40CD-BA64-F426B1B23A0E}.Debug|iPhoneSimulator.Build.0 = Debug|iPhoneSimulator
		{BEE0A49E-FC11-40CD-BA64-F426B1B23A0E}.Debug|iPhoneSimulator.Deploy.0 = Debug|iPhoneSimulator
		{BEE0A49E-FC11-40CD-BA64-F426B1B23A0E}.Debug|x64.ActiveCfg = Debug|iPhone
		{BEE0A49E-FC11-40CD-BA64-F426B1B23A0E}.Debug|x64.Build.0 = Debug|iPhone
		{BEE0A49E-FC11-40CD-BA64-F426B1B23A0E}.Debug|x64.Deploy.0 = Debug|iPhone
		{BEE0A49E-FC11-40CD-BA64-F426B1B23A0E}.Debug|x86.ActiveCfg = Debug|iPhone
		{BEE0A49E-FC11-40CD-BA64-F426B1B23A0E}.Debug|x86.Build.0 = Debug|iPhone
		{BEE0A49E-FC11-40CD-BA64-F426B1B23A0E}.Debug|x86.Deploy.0 = Debug|iPhone
		{BEE0A49E-FC11-40CD-BA64-F426B1B23A0E}.Release|Any CPU.ActiveCfg = Release|iPhone
		{BEE0A49E-FC11-40CD-BA64-F426B1B23A0E}.Release|Any CPU.Build.0 = Release|iPhone
		{BEE0A49E-FC11-40CD-BA64-F426B1B23A0E}.Release|Any CPU.Deploy.0 = Release|iPhone
		{BEE0A49E-FC11-40CD-BA64-F426B1B23A0E}.Release|ARM.ActiveCfg = Release|iPhone
		{BEE0A49E-FC11-40CD-BA64-F426B1B23A0E}.Release|ARM.Build.0 = Release|iPhone
		{BEE0A49E-FC11-40CD-BA64-F426B1B23A0E}.Release|ARM.Deploy.0 = Release|iPhone
		{BEE0A49E-FC11-40CD-BA64-F426B1B23A0E}.Release|iPhone.ActiveCfg = Release|iPhone
		{BEE0A49E-FC11-40CD-BA64-F426B1B23A0E}.Release|iPhone.Build.0 = Release|iPhone
		{BEE0A49E-FC11-40CD-BA64-F426B1B23A0E}.Release|iPhone.Deploy.0 = Release|iPhone
		{BEE0A49E-FC11-40CD-BA64-F426B1B23A0E}.Release|iPhoneSimulator.ActiveCfg = Release|iPhoneSimulator
		{BEE0A49E-FC11-40CD-BA64-F426B1B23A0E}.Release|iPhoneSimulator.Build.0 = Release|iPhoneSimulator
		{BEE0A49E-FC11-40CD-BA64-F426B1B23A0E}.Release|iPhoneSimulator.Deploy.0 = Release|iPhoneSimulator
		{BEE0A49E-FC11-40CD-BA64-F426B1B23A0E}.Release|x64.ActiveCfg = Release|iPhone
		{BEE0A49E-FC11-40CD-BA64-F426B1B23A0E}.Release|x64.Build.0 = Release|iPhone
		{BEE0A49E-FC11-40CD-BA64-F426B1B23A0E}.Release|x64.Deploy.0 = Release|iPhone
		{BEE0A49E-FC11-40CD-BA64-F426B1B23A0E}.Release|x86.ActiveCfg = Release|iPhone
		{BEE0A49E-FC11-40CD-BA64-F426B1B23A0E}.Release|x86.Build.0 = Release|iPhone
		{BEE0A49E-FC11-40CD-BA64-F426B1B23A0E}.Release|x86.Deploy.0 = Release|iPhone
		{5767A715-87A6-4303-9D79-D9E43EAF262E}.Debug|Any CPU.ActiveCfg = Debug|Any CPU
		{5767A715-87A6-4303-9D79-D9E43EAF262E}.Debug|Any CPU.Build.0 = Debug|Any CPU
		{5767A715-87A6-4303-9D79-D9E43EAF262E}.Debug|Any CPU.Deploy.0 = Debug|Any CPU
		{5767A715-87A6-4303-9D79-D9E43EAF262E}.Debug|ARM.ActiveCfg = Debug|Any CPU
		{5767A715-87A6-4303-9D79-D9E43EAF262E}.Debug|ARM.Build.0 = Debug|Any CPU
		{5767A715-87A6-4303-9D79-D9E43EAF262E}.Debug|ARM.Deploy.0 = Debug|Any CPU
		{5767A715-87A6-4303-9D79-D9E43EAF262E}.Debug|iPhone.ActiveCfg = Debug|Any CPU
		{5767A715-87A6-4303-9D79-D9E43EAF262E}.Debug|iPhone.Build.0 = Debug|Any CPU
		{5767A715-87A6-4303-9D79-D9E43EAF262E}.Debug|iPhone.Deploy.0 = Debug|Any CPU
		{5767A715-87A6-4303-9D79-D9E43EAF262E}.Debug|iPhoneSimulator.ActiveCfg = Debug|Any CPU
		{5767A715-87A6-4303-9D79-D9E43EAF262E}.Debug|iPhoneSimulator.Build.0 = Debug|Any CPU
		{5767A715-87A6-4303-9D79-D9E43EAF262E}.Debug|iPhoneSimulator.Deploy.0 = Debug|Any CPU
		{5767A715-87A6-4303-9D79-D9E43EAF262E}.Debug|x64.ActiveCfg = Debug|Any CPU
		{5767A715-87A6-4303-9D79-D9E43EAF262E}.Debug|x64.Build.0 = Debug|Any CPU
		{5767A715-87A6-4303-9D79-D9E43EAF262E}.Debug|x64.Deploy.0 = Debug|Any CPU
		{5767A715-87A6-4303-9D79-D9E43EAF262E}.Debug|x86.ActiveCfg = Debug|Any CPU
		{5767A715-87A6-4303-9D79-D9E43EAF262E}.Debug|x86.Build.0 = Debug|Any CPU
		{5767A715-87A6-4303-9D79-D9E43EAF262E}.Debug|x86.Deploy.0 = Debug|Any CPU
		{5767A715-87A6-4303-9D79-D9E43EAF262E}.Release|Any CPU.ActiveCfg = Release|Any CPU
		{5767A715-87A6-4303-9D79-D9E43EAF262E}.Release|Any CPU.Build.0 = Release|Any CPU
		{5767A715-87A6-4303-9D79-D9E43EAF262E}.Release|Any CPU.Deploy.0 = Release|Any CPU
		{5767A715-87A6-4303-9D79-D9E43EAF262E}.Release|ARM.ActiveCfg = Release|Any CPU
		{5767A715-87A6-4303-9D79-D9E43EAF262E}.Release|ARM.Build.0 = Release|Any CPU
		{5767A715-87A6-4303-9D79-D9E43EAF262E}.Release|ARM.Deploy.0 = Release|Any CPU
		{5767A715-87A6-4303-9D79-D9E43EAF262E}.Release|iPhone.ActiveCfg = Release|Any CPU
		{5767A715-87A6-4303-9D79-D9E43EAF262E}.Release|iPhone.Build.0 = Release|Any CPU
		{5767A715-87A6-4303-9D79-D9E43EAF262E}.Release|iPhone.Deploy.0 = Release|Any CPU
		{5767A715-87A6-4303-9D79-D9E43EAF262E}.Release|iPhoneSimulator.ActiveCfg = Release|Any CPU
		{5767A715-87A6-4303-9D79-D9E43EAF262E}.Release|iPhoneSimulator.Build.0 = Release|Any CPU
		{5767A715-87A6-4303-9D79-D9E43EAF262E}.Release|iPhoneSimulator.Deploy.0 = Release|Any CPU
		{5767A715-87A6-4303-9D79-D9E43EAF262E}.Release|x64.ActiveCfg = Release|Any CPU
		{5767A715-87A6-4303-9D79-D9E43EAF262E}.Release|x64.Build.0 = Release|Any CPU
		{5767A715-87A6-4303-9D79-D9E43EAF262E}.Release|x64.Deploy.0 = Release|Any CPU
		{5767A715-87A6-4303-9D79-D9E43EAF262E}.Release|x86.ActiveCfg = Release|Any CPU
		{5767A715-87A6-4303-9D79-D9E43EAF262E}.Release|x86.Build.0 = Release|Any CPU
		{5767A715-87A6-4303-9D79-D9E43EAF262E}.Release|x86.Deploy.0 = Release|Any CPU
		{45254720-EA53-452C-B683-7B8366F1197B}.Debug|Any CPU.ActiveCfg = Debug|Any CPU
		{45254720-EA53-452C-B683-7B8366F1197B}.Debug|Any CPU.Build.0 = Debug|Any CPU
		{45254720-EA53-452C-B683-7B8366F1197B}.Debug|ARM.ActiveCfg = Debug|Any CPU
		{45254720-EA53-452C-B683-7B8366F1197B}.Debug|ARM.Build.0 = Debug|Any CPU
		{45254720-EA53-452C-B683-7B8366F1197B}.Debug|iPhone.ActiveCfg = Debug|Any CPU
		{45254720-EA53-452C-B683-7B8366F1197B}.Debug|iPhone.Build.0 = Debug|Any CPU
		{45254720-EA53-452C-B683-7B8366F1197B}.Debug|iPhoneSimulator.ActiveCfg = Debug|Any CPU
		{45254720-EA53-452C-B683-7B8366F1197B}.Debug|iPhoneSimulator.Build.0 = Debug|Any CPU
		{45254720-EA53-452C-B683-7B8366F1197B}.Debug|x64.ActiveCfg = Debug|Any CPU
		{45254720-EA53-452C-B683-7B8366F1197B}.Debug|x64.Build.0 = Debug|Any CPU
		{45254720-EA53-452C-B683-7B8366F1197B}.Debug|x86.ActiveCfg = Debug|Any CPU
		{45254720-EA53-452C-B683-7B8366F1197B}.Debug|x86.Build.0 = Debug|Any CPU
		{45254720-EA53-452C-B683-7B8366F1197B}.Release|Any CPU.ActiveCfg = Release|Any CPU
		{45254720-EA53-452C-B683-7B8366F1197B}.Release|Any CPU.Build.0 = Release|Any CPU
		{45254720-EA53-452C-B683-7B8366F1197B}.Release|ARM.ActiveCfg = Release|Any CPU
		{45254720-EA53-452C-B683-7B8366F1197B}.Release|ARM.Build.0 = Release|Any CPU
		{45254720-EA53-452C-B683-7B8366F1197B}.Release|iPhone.ActiveCfg = Release|Any CPU
		{45254720-EA53-452C-B683-7B8366F1197B}.Release|iPhone.Build.0 = Release|Any CPU
		{45254720-EA53-452C-B683-7B8366F1197B}.Release|iPhoneSimulator.ActiveCfg = Release|Any CPU
		{45254720-EA53-452C-B683-7B8366F1197B}.Release|iPhoneSimulator.Build.0 = Release|Any CPU
		{45254720-EA53-452C-B683-7B8366F1197B}.Release|x64.ActiveCfg = Release|Any CPU
		{45254720-EA53-452C-B683-7B8366F1197B}.Release|x64.Build.0 = Release|Any CPU
		{45254720-EA53-452C-B683-7B8366F1197B}.Release|x86.ActiveCfg = Release|Any CPU
		{45254720-EA53-452C-B683-7B8366F1197B}.Release|x86.Build.0 = Release|Any CPU
		{AF24CBDD-912C-4C54-A91A-07C40FA0B6D3}.Debug|Any CPU.ActiveCfg = Debug|Any CPU
		{AF24CBDD-912C-4C54-A91A-07C40FA0B6D3}.Debug|Any CPU.Build.0 = Debug|Any CPU
		{AF24CBDD-912C-4C54-A91A-07C40FA0B6D3}.Debug|ARM.ActiveCfg = Debug|Any CPU
		{AF24CBDD-912C-4C54-A91A-07C40FA0B6D3}.Debug|ARM.Build.0 = Debug|Any CPU
		{AF24CBDD-912C-4C54-A91A-07C40FA0B6D3}.Debug|iPhone.ActiveCfg = Debug|Any CPU
		{AF24CBDD-912C-4C54-A91A-07C40FA0B6D3}.Debug|iPhone.Build.0 = Debug|Any CPU
		{AF24CBDD-912C-4C54-A91A-07C40FA0B6D3}.Debug|iPhoneSimulator.ActiveCfg = Debug|Any CPU
		{AF24CBDD-912C-4C54-A91A-07C40FA0B6D3}.Debug|iPhoneSimulator.Build.0 = Debug|Any CPU
		{AF24CBDD-912C-4C54-A91A-07C40FA0B6D3}.Debug|x64.ActiveCfg = Debug|Any CPU
		{AF24CBDD-912C-4C54-A91A-07C40FA0B6D3}.Debug|x64.Build.0 = Debug|Any CPU
		{AF24CBDD-912C-4C54-A91A-07C40FA0B6D3}.Debug|x86.ActiveCfg = Debug|Any CPU
		{AF24CBDD-912C-4C54-A91A-07C40FA0B6D3}.Debug|x86.Build.0 = Debug|Any CPU
		{AF24CBDD-912C-4C54-A91A-07C40FA0B6D3}.Release|Any CPU.ActiveCfg = Release|Any CPU
		{AF24CBDD-912C-4C54-A91A-07C40FA0B6D3}.Release|Any CPU.Build.0 = Release|Any CPU
		{AF24CBDD-912C-4C54-A91A-07C40FA0B6D3}.Release|ARM.ActiveCfg = Release|Any CPU
		{AF24CBDD-912C-4C54-A91A-07C40FA0B6D3}.Release|ARM.Build.0 = Release|Any CPU
		{AF24CBDD-912C-4C54-A91A-07C40FA0B6D3}.Release|iPhone.ActiveCfg = Release|Any CPU
		{AF24CBDD-912C-4C54-A91A-07C40FA0B6D3}.Release|iPhone.Build.0 = Release|Any CPU
		{AF24CBDD-912C-4C54-A91A-07C40FA0B6D3}.Release|iPhoneSimulator.ActiveCfg = Release|Any CPU
		{AF24CBDD-912C-4C54-A91A-07C40FA0B6D3}.Release|iPhoneSimulator.Build.0 = Release|Any CPU
		{AF24CBDD-912C-4C54-A91A-07C40FA0B6D3}.Release|x64.ActiveCfg = Release|Any CPU
		{AF24CBDD-912C-4C54-A91A-07C40FA0B6D3}.Release|x64.Build.0 = Release|Any CPU
		{AF24CBDD-912C-4C54-A91A-07C40FA0B6D3}.Release|x86.ActiveCfg = Release|Any CPU
		{AF24CBDD-912C-4C54-A91A-07C40FA0B6D3}.Release|x86.Build.0 = Release|Any CPU
		{29B32F3E-D464-48B2-BA3B-AEDE6C7E5B04}.Debug|Any CPU.ActiveCfg = Debug|Any CPU
		{29B32F3E-D464-48B2-BA3B-AEDE6C7E5B04}.Debug|Any CPU.Build.0 = Debug|Any CPU
		{29B32F3E-D464-48B2-BA3B-AEDE6C7E5B04}.Debug|ARM.ActiveCfg = Debug|Any CPU
		{29B32F3E-D464-48B2-BA3B-AEDE6C7E5B04}.Debug|ARM.Build.0 = Debug|Any CPU
		{29B32F3E-D464-48B2-BA3B-AEDE6C7E5B04}.Debug|iPhone.ActiveCfg = Debug|Any CPU
		{29B32F3E-D464-48B2-BA3B-AEDE6C7E5B04}.Debug|iPhone.Build.0 = Debug|Any CPU
		{29B32F3E-D464-48B2-BA3B-AEDE6C7E5B04}.Debug|iPhoneSimulator.ActiveCfg = Debug|Any CPU
		{29B32F3E-D464-48B2-BA3B-AEDE6C7E5B04}.Debug|iPhoneSimulator.Build.0 = Debug|Any CPU
		{29B32F3E-D464-48B2-BA3B-AEDE6C7E5B04}.Debug|x64.ActiveCfg = Debug|Any CPU
		{29B32F3E-D464-48B2-BA3B-AEDE6C7E5B04}.Debug|x64.Build.0 = Debug|Any CPU
		{29B32F3E-D464-48B2-BA3B-AEDE6C7E5B04}.Debug|x86.ActiveCfg = Debug|Any CPU
		{29B32F3E-D464-48B2-BA3B-AEDE6C7E5B04}.Debug|x86.Build.0 = Debug|Any CPU
		{29B32F3E-D464-48B2-BA3B-AEDE6C7E5B04}.Release|Any CPU.ActiveCfg = Release|Any CPU
		{29B32F3E-D464-48B2-BA3B-AEDE6C7E5B04}.Release|Any CPU.Build.0 = Release|Any CPU
		{29B32F3E-D464-48B2-BA3B-AEDE6C7E5B04}.Release|ARM.ActiveCfg = Release|Any CPU
		{29B32F3E-D464-48B2-BA3B-AEDE6C7E5B04}.Release|ARM.Build.0 = Release|Any CPU
		{29B32F3E-D464-48B2-BA3B-AEDE6C7E5B04}.Release|iPhone.ActiveCfg = Release|Any CPU
		{29B32F3E-D464-48B2-BA3B-AEDE6C7E5B04}.Release|iPhone.Build.0 = Release|Any CPU
		{29B32F3E-D464-48B2-BA3B-AEDE6C7E5B04}.Release|iPhoneSimulator.ActiveCfg = Release|Any CPU
		{29B32F3E-D464-48B2-BA3B-AEDE6C7E5B04}.Release|iPhoneSimulator.Build.0 = Release|Any CPU
		{29B32F3E-D464-48B2-BA3B-AEDE6C7E5B04}.Release|x64.ActiveCfg = Release|Any CPU
		{29B32F3E-D464-48B2-BA3B-AEDE6C7E5B04}.Release|x64.Build.0 = Release|Any CPU
		{29B32F3E-D464-48B2-BA3B-AEDE6C7E5B04}.Release|x86.ActiveCfg = Release|Any CPU
		{29B32F3E-D464-48B2-BA3B-AEDE6C7E5B04}.Release|x86.Build.0 = Release|Any CPU
	EndGlobalSection
	GlobalSection(SolutionProperties) = preSolution
		HideSolutionNode = FALSE
	EndGlobalSection
	GlobalSection(NestedProjects) = preSolution
		{45254720-EA53-452C-B683-7B8366F1197B} = {974C7B5E-E51E-4CF0-BA0A-39733B301E8D}
		{AF24CBDD-912C-4C54-A91A-07C40FA0B6D3} = {974C7B5E-E51E-4CF0-BA0A-39733B301E8D}
		{29B32F3E-D464-48B2-BA3B-AEDE6C7E5B04} = {974C7B5E-E51E-4CF0-BA0A-39733B301E8D}
	EndGlobalSection
	GlobalSection(ExtensibilityGlobals) = postSolution
		SolutionGuid = {9468891C-B946-4F9D-A5CD-ACD5EBDDDD3D}
	EndGlobalSection
EndGlobal
