
Microsoft Visual Studio Solution File, Format Version 12.00
# Visual Studio Version 16
VisualStudioVersion = 16.0.29519.87
MinimumVisualStudioVersion = 10.0.40219.1
Project("{FAE04EC0-301F-11D3-BF4B-00C04F79EFBC}") = "PrismSample.Android", "src\PrismSample.Android\PrismSample.Android.csproj", "{4E987D86-4E13-4BBC-9C3A-69006801D049}"
EndProject
Project("{9A19103F-16F7-4668-BE54-9A1E7A4F7556}") = "PrismSample", "src\PrismSample\PrismSample.csproj", "{5767A715-87A6-4303-9D79-D9E43EAF262E}"
EndProject
Project("{2150E333-8FDC-42A3-9474-1A3956D46DE8}") = "external", "external", "{974C7B5E-E51E-4CF0-BA0A-39733B301E8D}"
EndProject
Project("{9A19103F-16F7-4668-BE54-9A1E7A4F7556}") = "Prism.Forms", "Prism\src\Forms\Prism.Forms\Prism.Forms.csproj", "{C0ED5EB1-EB2C-4863-A806-01464E70B94F}"
EndProject
Project("{9A19103F-16F7-4668-BE54-9A1E7A4F7556}") = "Prism.DryIoc.Forms", "Prism\src\Forms\Prism.DryIoc.Forms\Prism.DryIoc.Forms.csproj", "{49916861-F489-45EB-B6C1-A54A72E9A8EF}"
EndProject
Project("{9A19103F-16F7-4668-BE54-9A1E7A4F7556}") = "Prism.Core", "Prism\src\Prism.Core\Prism.Core.csproj", "{36F336AA-6BC8-49FB-8DED-BFEB787F580A}"
EndProject
Global
	GlobalSection(SharedMSBuildProjectFiles) = preSolution
		Prism\src\Containers\Prism.DryIoc.Shared\Prism.DryIoc.Shared.projitems*{49916861-f489-45eb-b6c1-a54a72e9a8ef}*SharedItemsImports = 5
	EndGlobalSection
	GlobalSection(SolutionConfigurationPlatforms) = preSolution
		Debug|Any CPU = Debug|Any CPU
		Debug|ARM = Debug|ARM
		Debug|iPhone = Debug|iPhone
		Debug|iPhoneSimulator = Debug|iPhoneSimulator
		Debug|x64 = Debug|x64
		Debug|x86 = Debug|x86
		Release|Any CPU = Release|Any CPU
		Release|ARM = Release|ARM
		Release|iPhone = Release|iPhone
		Release|iPhoneSimulator = Release|iPhoneSimulator
		Release|x64 = Release|x64
		Release|x86 = Release|x86
	EndGlobalSection
	GlobalSection(ProjectConfigurationPlatforms) = postSolution
		{4E987D86-4E13-4BBC-9C3A-69006801D049}.Debug|Any CPU.ActiveCfg = Debug|Any CPU
		{4E987D86-4E13-4BBC-9C3A-69006801D049}.Debug|Any CPU.Build.0 = Debug|Any CPU
		{4E987D86-4E13-4BBC-9C3A-69006801D049}.Debug|Any CPU.Deploy.0 = Debug|Any CPU
		{4E987D86-4E13-4BBC-9C3A-69006801D049}.Debug|ARM.ActiveCfg = Debug|Any CPU
		{4E987D86-4E13-4BBC-9C3A-69006801D049}.Debug|ARM.Build.0 = Debug|Any CPU
		{4E987D86-4E13-4BBC-9C3A-69006801D049}.Debug|ARM.Deploy.0 = Debug|Any CPU
		{4E987D86-4E13-4BBC-9C3A-69006801D049}.Debug|iPhone.ActiveCfg = Debug|Any CPU
		{4E987D86-4E13-4BBC-9C3A-69006801D049}.Debug|iPhone.Build.0 = Debug|Any CPU
		{4E987D86-4E13-4BBC-9C3A-69006801D049}.Debug|iPhone.Deploy.0 = Debug|Any CPU
		{4E987D86-4E13-4BBC-9C3A-69006801D049}.Debug|iPhoneSimulator.ActiveCfg = Debug|Any CPU
		{4E987D86-4E13-4BBC-9C3A-69006801D049}.Debug|iPhoneSimulator.Build.0 = Debug|Any CPU
		{4E987D86-4E13-4BBC-9C3A-69006801D049}.Debug|iPhoneSimulator.Deploy.0 = Debug|Any CPU
		{4E987D86-4E13-4BBC-9C3A-69006801D049}.Debug|x64.ActiveCfg = Debug|Any CPU
		{4E987D86-4E13-4BBC-9C3A-69006801D049}.Debug|x64.Build.0 = Debug|Any CPU
		{4E987D86-4E13-4BBC-9C3A-69006801D049}.Debug|x64.Deploy.0 = Debug|Any CPU
		{4E987D86-4E13-4BBC-9C3A-69006801D049}.Debug|x86.ActiveCfg = Debug|Any CPU
		{4E987D86-4E13-4BBC-9C3A-69006801D049}.Debug|x86.Build.0 = Debug|Any CPU
		{4E987D86-4E13-4BBC-9C3A-69006801D049}.Debug|x86.Deploy.0 = Debug|Any CPU
		{4E987D86-4E13-4BBC-9C3A-69006801D049}.Release|Any CPU.ActiveCfg = Release|Any CPU
		{4E987D86-4E13-4BBC-9C3A-69006801D049}.Release|Any CPU.Build.0 = Release|Any CPU
		{4E987D86-4E13-4BBC-9C3A-69006801D049}.Release|Any CPU.Deploy.0 = Release|Any CPU
		{4E987D86-4E13-4BBC-9C3A-69006801D049}.Release|ARM.ActiveCfg = Release|Any CPU
		{4E987D86-4E13-4BBC-9C3A-69006801D049}.Release|ARM.Build.0 = Release|Any CPU
		{4E987D86-4E13-4BBC-9C3A-69006801D049}.Release|ARM.Deploy.0 = Release|Any CPU
		{4E987D86-4E13-4BBC-9C3A-69006801D049}.Release|iPhone.ActiveCfg = Release|Any CPU
		{4E987D86-4E13-4BBC-9C3A-69006801D049}.Release|iPhone.Build.0 = Release|Any CPU
		{4E987D86-4E13-4BBC-9C3A-69006801D049}.Release|iPhone.Deploy.0 = Release|Any CPU
		{4E987D86-4E13-4BBC-9C3A-69006801D049}.Release|iPhoneSimulator.ActiveCfg = Release|Any CPU
		{4E987D86-4E13-4BBC-9C3A-69006801D049}.Release|iPhoneSimulator.Build.0 = Release|Any CPU
		{4E987D86-4E13-4BBC-9C3A-69006801D049}.Release|iPhoneSimulator.Deploy.0 = Release|Any CPU
		{4E987D86-4E13-4BBC-9C3A-69006801D049}.Release|x64.ActiveCfg = Release|Any CPU
		{4E987D86-4E13-4BBC-9C3A-69006801D049}.Release|x64.Build.0 = Release|Any CPU
		{4E987D86-4E13-4BBC-9C3A-69006801D049}.Release|x64.Deploy.0 = Release|Any CPU
		{4E987D86-4E13-4BBC-9C3A-69006801D049}.Release|x86.ActiveCfg = Release|Any CPU
		{4E987D86-4E13-4BBC-9C3A-69006801D049}.Release|x86.Build.0 = Release|Any CPU
		{4E987D86-4E13-4BBC-9C3A-69006801D049}.Release|x86.Deploy.0 = Release|Any CPU
		{5767A715-87A6-4303-9D79-D9E43EAF262E}.Debug|Any CPU.ActiveCfg = Debug|Any CPU
		{5767A715-87A6-4303-9D79-D9E43EAF262E}.Debug|Any CPU.Build.0 = Debug|Any CPU
		{5767A715-87A6-4303-9D79-D9E43EAF262E}.Debug|Any CPU.Deploy.0 = Debug|Any CPU
		{5767A715-87A6-4303-9D79-D9E43EAF262E}.Debug|ARM.ActiveCfg = Debug|Any CPU
		{5767A715-87A6-4303-9D79-D9E43EAF262E}.Debug|ARM.Build.0 = Debug|Any CPU
		{5767A715-87A6-4303-9D79-D9E43EAF262E}.Debug|ARM.Deploy.0 = Debug|Any CPU
		{5767A715-87A6-4303-9D79-D9E43EAF262E}.Debug|iPhone.ActiveCfg = Debug|Any CPU
		{5767A715-87A6-4303-9D79-D9E43EAF262E}.Debug|iPhone.Build.0 = Debug|Any CPU
		{5767A715-87A6-4303-9D79-D9E43EAF262E}.Debug|iPhone.Deploy.0 = Debug|Any CPU
		{5767A715-87A6-4303-9D79-D9E43EAF262E}.Debug|iPhoneSimulator.ActiveCfg = Debug|Any CPU
		{5767A715-87A6-4303-9D79-D9E43EAF262E}.Debug|iPhoneSimulator.Build.0 = Debug|Any CPU
		{5767A715-87A6-4303-9D79-D9E43EAF262E}.Debug|iPhoneSimulator.Deploy.0 = Debug|Any CPU
		{5767A715-87A6-4303-9D79-D9E43EAF262E}.Debug|x64.ActiveCfg = Debug|Any CPU
		{5767A715-87A6-4303-9D79-D9E43EAF262E}.Debug|x64.Build.0 = Debug|Any CPU
		{5767A715-87A6-4303-9D79-D9E43EAF262E}.Debug|x64.Deploy.0 = Debug|Any CPU
		{5767A715-87A6-4303-9D79-D9E43EAF262E}.Debug|x86.ActiveCfg = Debug|Any CPU
		{5767A715-87A6-4303-9D79-D9E43EAF262E}.Debug|x86.Build.0 = Debug|Any CPU
		{5767A715-87A6-4303-9D79-D9E43EAF262E}.Debug|x86.Deploy.0 = Debug|Any CPU
		{5767A715-87A6-4303-9D79-D9E43EAF262E}.Release|Any CPU.ActiveCfg = Release|Any CPU
		{5767A715-87A6-4303-9D79-D9E43EAF262E}.Release|Any CPU.Build.0 = Release|Any CPU
		{5767A715-87A6-4303-9D79-D9E43EAF262E}.Release|Any CPU.Deploy.0 = Release|Any CPU
		{5767A715-87A6-4303-9D79-D9E43EAF262E}.Release|ARM.ActiveCfg = Release|Any CPU
		{5767A715-87A6-4303-9D79-D9E43EAF262E}.Release|ARM.Build.0 = Release|Any CPU
		{5767A715-87A6-4303-9D79-D9E43EAF262E}.Release|ARM.Deploy.0 = Release|Any CPU
		{5767A715-87A6-4303-9D79-D9E43EAF262E}.Release|iPhone.ActiveCfg = Release|Any CPU
		{5767A715-87A6-4303-9D79-D9E43EAF262E}.Release|iPhone.Build.0 = Release|Any CPU
		{5767A715-87A6-4303-9D79-D9E43EAF262E}.Release|iPhone.Deploy.0 = Release|Any CPU
		{5767A715-87A6-4303-9D79-D9E43EAF262E}.Release|iPhoneSimulator.ActiveCfg = Release|Any CPU
		{5767A715-87A6-4303-9D79-D9E43EAF262E}.Release|iPhoneSimulator.Build.0 = Release|Any CPU
		{5767A715-87A6-4303-9D79-D9E43EAF262E}.Release|iPhoneSimulator.Deploy.0 = Release|Any CPU
		{5767A715-87A6-4303-9D79-D9E43EAF262E}.Release|x64.ActiveCfg = Release|Any CPU
		{5767A715-87A6-4303-9D79-D9E43EAF262E}.Release|x64.Build.0 = Release|Any CPU
		{5767A715-87A6-4303-9D79-D9E43EAF262E}.Release|x64.Deploy.0 = Release|Any CPU
		{5767A715-87A6-4303-9D79-D9E43EAF262E}.Release|x86.ActiveCfg = Release|Any CPU
		{5767A715-87A6-4303-9D79-D9E43EAF262E}.Release|x86.Build.0 = Release|Any CPU
		{5767A715-87A6-4303-9D79-D9E43EAF262E}.Release|x86.Deploy.0 = Release|Any CPU
		{C0ED5EB1-EB2C-4863-A806-01464E70B94F}.Debug|Any CPU.ActiveCfg = Debug|Any CPU
		{C0ED5EB1-EB2C-4863-A806-01464E70B94F}.Debug|Any CPU.Build.0 = Debug|Any CPU
		{C0ED5EB1-EB2C-4863-A806-01464E70B94F}.Debug|ARM.ActiveCfg = Debug|Any CPU
		{C0ED5EB1-EB2C-4863-A806-01464E70B94F}.Debug|ARM.Build.0 = Debug|Any CPU
		{C0ED5EB1-EB2C-4863-A806-01464E70B94F}.Debug|iPhone.ActiveCfg = Debug|Any CPU
		{C0ED5EB1-EB2C-4863-A806-01464E70B94F}.Debug|iPhone.Build.0 = Debug|Any CPU
		{C0ED5EB1-EB2C-4863-A806-01464E70B94F}.Debug|iPhoneSimulator.ActiveCfg = Debug|Any CPU
		{C0ED5EB1-EB2C-4863-A806-01464E70B94F}.Debug|iPhoneSimulator.Build.0 = Debug|Any CPU
		{C0ED5EB1-EB2C-4863-A806-01464E70B94F}.Debug|x64.ActiveCfg = Debug|Any CPU
		{C0ED5EB1-EB2C-4863-A806-01464E70B94F}.Debug|x64.Build.0 = Debug|Any CPU
		{C0ED5EB1-EB2C-4863-A806-01464E70B94F}.Debug|x86.ActiveCfg = Debug|Any CPU
		{C0ED5EB1-EB2C-4863-A806-01464E70B94F}.Debug|x86.Build.0 = Debug|Any CPU
		{C0ED5EB1-EB2C-4863-A806-01464E70B94F}.Release|Any CPU.ActiveCfg = Release|Any CPU
		{C0ED5EB1-EB2C-4863-A806-01464E70B94F}.Release|Any CPU.Build.0 = Release|Any CPU
		{C0ED5EB1-EB2C-4863-A806-01464E70B94F}.Release|ARM.ActiveCfg = Release|Any CPU
		{C0ED5EB1-EB2C-4863-A806-01464E70B94F}.Release|ARM.Build.0 = Release|Any CPU
		{C0ED5EB1-EB2C-4863-A806-01464E70B94F}.Release|iPhone.ActiveCfg = Release|Any CPU
		{C0ED5EB1-EB2C-4863-A806-01464E70B94F}.Release|iPhone.Build.0 = Release|Any CPU
		{C0ED5EB1-EB2C-4863-A806-01464E70B94F}.Release|iPhoneSimulator.ActiveCfg = Release|Any CPU
		{C0ED5EB1-EB2C-4863-A806-01464E70B94F}.Release|iPhoneSimulator.Build.0 = Release|Any CPU
		{C0ED5EB1-EB2C-4863-A806-01464E70B94F}.Release|x64.ActiveCfg = Release|Any CPU
		{C0ED5EB1-EB2C-4863-A806-01464E70B94F}.Release|x64.Build.0 = Release|Any CPU
		{C0ED5EB1-EB2C-4863-A806-01464E70B94F}.Release|x86.ActiveCfg = Release|Any CPU
		{C0ED5EB1-EB2C-4863-A806-01464E70B94F}.Release|x86.Build.0 = Release|Any CPU
		{49916861-F489-45EB-B6C1-A54A72E9A8EF}.Debug|Any CPU.ActiveCfg = Debug|Any CPU
		{49916861-F489-45EB-B6C1-A54A72E9A8EF}.Debug|Any CPU.Build.0 = Debug|Any CPU
		{49916861-F489-45EB-B6C1-A54A72E9A8EF}.Debug|ARM.ActiveCfg = Debug|Any CPU
		{49916861-F489-45EB-B6C1-A54A72E9A8EF}.Debug|ARM.Build.0 = Debug|Any CPU
		{49916861-F489-45EB-B6C1-A54A72E9A8EF}.Debug|iPhone.ActiveCfg = Debug|Any CPU
		{49916861-F489-45EB-B6C1-A54A72E9A8EF}.Debug|iPhone.Build.0 = Debug|Any CPU
		{49916861-F489-45EB-B6C1-A54A72E9A8EF}.Debug|iPhoneSimulator.ActiveCfg = Debug|Any CPU
		{49916861-F489-45EB-B6C1-A54A72E9A8EF}.Debug|iPhoneSimulator.Build.0 = Debug|Any CPU
		{49916861-F489-45EB-B6C1-A54A72E9A8EF}.Debug|x64.ActiveCfg = Debug|Any CPU
		{49916861-F489-45EB-B6C1-A54A72E9A8EF}.Debug|x64.Build.0 = Debug|Any CPU
		{49916861-F489-45EB-B6C1-A54A72E9A8EF}.Debug|x86.ActiveCfg = Debug|Any CPU
		{49916861-F489-45EB-B6C1-A54A72E9A8EF}.Debug|x86.Build.0 = Debug|Any CPU
		{49916861-F489-45EB-B6C1-A54A72E9A8EF}.Release|Any CPU.ActiveCfg = Release|Any CPU
		{49916861-F489-45EB-B6C1-A54A72E9A8EF}.Release|Any CPU.Build.0 = Release|Any CPU
		{49916861-F489-45EB-B6C1-A54A72E9A8EF}.Release|ARM.ActiveCfg = Release|Any CPU
		{49916861-F489-45EB-B6C1-A54A72E9A8EF}.Release|ARM.Build.0 = Release|Any CPU
		{49916861-F489-45EB-B6C1-A54A72E9A8EF}.Release|iPhone.ActiveCfg = Release|Any CPU
		{49916861-F489-45EB-B6C1-A54A72E9A8EF}.Release|iPhone.Build.0 = Release|Any CPU
		{49916861-F489-45EB-B6C1-A54A72E9A8EF}.Release|iPhoneSimulator.ActiveCfg = Release|Any CPU
		{49916861-F489-45EB-B6C1-A54A72E9A8EF}.Release|iPhoneSimulator.Build.0 = Release|Any CPU
		{49916861-F489-45EB-B6C1-A54A72E9A8EF}.Release|x64.ActiveCfg = Release|Any CPU
		{49916861-F489-45EB-B6C1-A54A72E9A8EF}.Release|x64.Build.0 = Release|Any CPU
		{49916861-F489-45EB-B6C1-A54A72E9A8EF}.Release|x86.ActiveCfg = Release|Any CPU
		{49916861-F489-45EB-B6C1-A54A72E9A8EF}.Release|x86.Build.0 = Release|Any CPU
		{36F336AA-6BC8-49FB-8DED-BFEB787F580A}.Debug|Any CPU.ActiveCfg = Debug|Any CPU
		{36F336AA-6BC8-49FB-8DED-BFEB787F580A}.Debug|Any CPU.Build.0 = Debug|Any CPU
		{36F336AA-6BC8-49FB-8DED-BFEB787F580A}.Debug|ARM.ActiveCfg = Debug|Any CPU
		{36F336AA-6BC8-49FB-8DED-BFEB787F580A}.Debug|ARM.Build.0 = Debug|Any CPU
		{36F336AA-6BC8-49FB-8DED-BFEB787F580A}.Debug|iPhone.ActiveCfg = Debug|Any CPU
		{36F336AA-6BC8-49FB-8DED-BFEB787F580A}.Debug|iPhone.Build.0 = Debug|Any CPU
		{36F336AA-6BC8-49FB-8DED-BFEB787F580A}.Debug|iPhoneSimulator.ActiveCfg = Debug|Any CPU
		{36F336AA-6BC8-49FB-8DED-BFEB787F580A}.Debug|iPhoneSimulator.Build.0 = Debug|Any CPU
		{36F336AA-6BC8-49FB-8DED-BFEB787F580A}.Debug|x64.ActiveCfg = Debug|Any CPU
		{36F336AA-6BC8-49FB-8DED-BFEB787F580A}.Debug|x64.Build.0 = Debug|Any CPU
		{36F336AA-6BC8-49FB-8DED-BFEB787F580A}.Debug|x86.ActiveCfg = Debug|Any CPU
		{36F336AA-6BC8-49FB-8DED-BFEB787F580A}.Debug|x86.Build.0 = Debug|Any CPU
		{36F336AA-6BC8-49FB-8DED-BFEB787F580A}.Release|Any CPU.ActiveCfg = Release|Any CPU
		{36F336AA-6BC8-49FB-8DED-BFEB787F580A}.Release|Any CPU.Build.0 = Release|Any CPU
		{36F336AA-6BC8-49FB-8DED-BFEB787F580A}.Release|ARM.ActiveCfg = Release|Any CPU
		{36F336AA-6BC8-49FB-8DED-BFEB787F580A}.Release|ARM.Build.0 = Release|Any CPU
		{36F336AA-6BC8-49FB-8DED-BFEB787F580A}.Release|iPhone.ActiveCfg = Release|Any CPU
		{36F336AA-6BC8-49FB-8DED-BFEB787F580A}.Release|iPhone.Build.0 = Release|Any CPU
		{36F336AA-6BC8-49FB-8DED-BFEB787F580A}.Release|iPhoneSimulator.ActiveCfg = Release|Any CPU
		{36F336AA-6BC8-49FB-8DED-BFEB787F580A}.Release|iPhoneSimulator.Build.0 = Release|Any CPU
		{36F336AA-6BC8-49FB-8DED-BFEB787F580A}.Release|x64.ActiveCfg = Release|Any CPU
		{36F336AA-6BC8-49FB-8DED-BFEB787F580A}.Release|x64.Build.0 = Release|Any CPU
		{36F336AA-6BC8-49FB-8DED-BFEB787F580A}.Release|x86.ActiveCfg = Release|Any CPU
		{36F336AA-6BC8-49FB-8DED-BFEB787F580A}.Release|x86.Build.0 = Release|Any CPU
	EndGlobalSection
	GlobalSection(SolutionProperties) = preSolution
		HideSolutionNode = FALSE
	EndGlobalSection
	GlobalSection(NestedProjects) = preSolution
		{C0ED5EB1-EB2C-4863-A806-01464E70B94F} = {974C7B5E-E51E-4CF0-BA0A-39733B301E8D}
		{49916861-F489-45EB-B6C1-A54A72E9A8EF} = {974C7B5E-E51E-4CF0-BA0A-39733B301E8D}
		{36F336AA-6BC8-49FB-8DED-BFEB787F580A} = {974C7B5E-E51E-4CF0-BA0A-39733B301E8D}
	EndGlobalSection
	GlobalSection(ExtensibilityGlobals) = postSolution
		SolutionGuid = {9468891C-B946-4F9D-A5CD-ACD5EBDDDD3D}
	EndGlobalSection
EndGlobal
